
Microsoft Visual Studio Solution File, Format Version 12.00
# Visual Studio 15
VisualStudioVersion = 15.0.28010.2016
MinimumVisualStudioVersion = 10.0.40219.1
Project("{8BC9CEB8-8B4A-11D0-8D11-00A0C91BC942}") = "Project1", "Project1\Project1.vcxproj", "{A3DD80C5-0C96-40A3-AA36-0F4D1FACE6CF}"
EndProject
Global
	GlobalSection(SolutionConfigurationPlatforms) = preSolution
		Debug|x64 = Debug|x64
		Debug|x86 = Debug|x86
		Release|x64 = Release|x64
		Release|x86 = Release|x86
	EndGlobalSection
	GlobalSection(ProjectConfigurationPlatforms) = postSolution
		{A3DD80C5-0C96-40A3-AA36-0F4D1FACE6CF}.Debug|x64.ActiveCfg = Debug|x64
		{A3DD80C5-0C96-40A3-AA36-0F4D1FACE6CF}.Debug|x64.Build.0 = Debug|x64
		{A3DD80C5-0C96-40A3-AA36-0F4D1FACE6CF}.Debug|x86.ActiveCfg = Debug|Win32
		{A3DD80C5-0C96-40A3-AA36-0F4D1FACE6CF}.Debug|x86.Build.0 = Debug|Win32
		{A3DD80C5-0C96-40A3-AA36-0F4D1FACE6CF}.Release|x64.ActiveCfg = Release|x64
		{A3DD80C5-0C96-40A3-AA36-0F4D1FACE6CF}.Release|x64.Build.0 = Release|x64
		{A3DD80C5-0C96-40A3-AA36-0F4D1FACE6CF}.Release|x86.ActiveCfg = Release|Win32
		{A3DD80C5-0C96-40A3-AA36-0F4D1FACE6CF}.Release|x86.Build.0 = Release|Win32
	EndGlobalSection
	GlobalSection(SolutionProperties) = preSolution
		HideSolutionNode = FALSE
	EndGlobalSection
	GlobalSection(ExtensibilityGlobals) = postSolution
		SolutionGuid = {DF81FBB5-5103-4340-91A2-EDFD76B4CD33}
	EndGlobalSection
EndGlobal
